// !$*UTF8*$!
{
	archiveVersion = 1;
	classes = {
	};
	objectVersion = 50;
	objects = {

/* Begin PBXBuildFile section */
		9DE271C822433A1D0021268E /* AppDelegate.swift in Sources */ = {isa = PBXBuildFile; fileRef = 9DE271C722433A1D0021268E /* AppDelegate.swift */; };
		9DE271CA22433A1D0021268E /* ViewController.swift in Sources */ = {isa = PBXBuildFile; fileRef = 9DE271C922433A1D0021268E /* ViewController.swift */; };
		9DE271CD22433A1D0021268E /* Main.storyboard in Resources */ = {isa = PBXBuildFile; fileRef = 9DE271CB22433A1D0021268E /* Main.storyboard */; };
		9DE271CF22433A210021268E /* Assets.xcassets in Resources */ = {isa = PBXBuildFile; fileRef = 9DE271CE22433A210021268E /* Assets.xcassets */; };
		9DE271D222433A210021268E /* LaunchScreen.storyboard in Resources */ = {isa = PBXBuildFile; fileRef = 9DE271D022433A210021268E /* LaunchScreen.storyboard */; };
		9DE271DA22433A740021268E /* playingCardView.swift in Sources */ = {isa = PBXBuildFile; fileRef = 9DE271D922433A740021268E /* playingCardView.swift */; };
		9DE431C9224BE62D00945583 /* PlayingCard.swift in Sources */ = {isa = PBXBuildFile; fileRef = 9DE431C8224BE62D00945583 /* PlayingCard.swift */; };
		9DE431CB224BECAA00945583 /* PlayingCardDeck.swift in Sources */ = {isa = PBXBuildFile; fileRef = 9DE431CA224BECAA00945583 /* PlayingCardDeck.swift */; };
/* End PBXBuildFile section */

/* Begin PBXFileReference section */
		9DE271C422433A1D0021268E /* playingCrads.app */ = {isa = PBXFileReference; explicitFileType = wrapper.application; includeInIndex = 0; path = playingCrads.app; sourceTree = BUILT_PRODUCTS_DIR; };
		9DE271C722433A1D0021268E /* AppDelegate.swift */ = {isa = PBXFileReference; lastKnownFileType = sourcecode.swift; path = AppDelegate.swift; sourceTree = "<group>"; };
		9DE271C922433A1D0021268E /* ViewController.swift */ = {isa = PBXFileReference; lastKnownFileType = sourcecode.swift; path = ViewController.swift; sourceTree = "<group>"; };
		9DE271CC22433A1D0021268E /* Base */ = {isa = PBXFileReference; lastKnownFileType = file.storyboard; name = Base; path = Base.lproj/Main.storyboard; sourceTree = "<group>"; };
		9DE271CE22433A210021268E /* Assets.xcassets */ = {isa = PBXFileReference; lastKnownFileType = folder.assetcatalog; path = Assets.xcassets; sourceTree = "<group>"; };
		9DE271D122433A210021268E /* Base */ = {isa = PBXFileReference; lastKnownFileType = file.storyboard; name = Base; path = Base.lproj/LaunchScreen.storyboard; sourceTree = "<group>"; };
		9DE271D322433A210021268E /* Info.plist */ = {isa = PBXFileReference; lastKnownFileType = text.plist.xml; path = Info.plist; sourceTree = "<group>"; };
		9DE271D922433A740021268E /* playingCardView.swift */ = {isa = PBXFileReference; lastKnownFileType = sourcecode.swift; path = playingCardView.swift; sourceTree = "<group>"; };
		9DE431C8224BE62D00945583 /* PlayingCard.swift */ = {isa = PBXFileReference; lastKnownFileType = sourcecode.swift; path = PlayingCard.swift; sourceTree = "<group>"; };
		9DE431CA224BECAA00945583 /* PlayingCardDeck.swift */ = {isa = PBXFileReference; lastKnownFileType = sourcecode.swift; path = PlayingCardDeck.swift; sourceTree = "<group>"; };
/* End PBXFileReference section */

/* Begin PBXFrameworksBuildPhase section */
		9DE271C122433A1D0021268E /* Frameworks */ = {
			isa = PBXFrameworksBuildPhase;
			buildActionMask = 2147483647;
			files = (
			);
			runOnlyForDeploymentPostprocessing = 0;
		};
/* End PBXFrameworksBuildPhase section */

/* Begin PBXGroup section */
		9DE271BB22433A1D0021268E = {
			isa = PBXGroup;
			children = (
				9DE271C622433A1D0021268E /* playingCrads */,
				9DE271C522433A1D0021268E /* Products */,
			);
			sourceTree = "<group>";
		};
		9DE271C522433A1D0021268E /* Products */ = {
			isa = PBXGroup;
			children = (
				9DE271C422433A1D0021268E /* playingCrads.app */,
			);
			name = Products;
			sourceTree = "<group>";
		};
		9DE271C622433A1D0021268E /* playingCrads */ = {
			isa = PBXGroup;
			children = (
				9DE271C722433A1D0021268E /* AppDelegate.swift */,
				9DE271C922433A1D0021268E /* ViewController.swift */,
				9DE271CB22433A1D0021268E /* Main.storyboard */,
				9DE271CE22433A210021268E /* Assets.xcassets */,
				9DE271D022433A210021268E /* LaunchScreen.storyboard */,
				9DE271D322433A210021268E /* Info.plist */,
				9DE271D922433A740021268E /* playingCardView.swift */,
				9DE431C8224BE62D00945583 /* PlayingCard.swift */,
				9DE431CA224BECAA00945583 /* PlayingCardDeck.swift */,
			);
			path = playingCrads;
			sourceTree = "<group>";
		};
/* End PBXGroup section */

/* Begin PBXNativeTarget section */
		9DE271C322433A1D0021268E /* playingCrads */ = {
			isa = PBXNativeTarget;
			buildConfigurationList = 9DE271D622433A210021268E /* Build configuration list for PBXNativeTarget "playingCrads" */;
			buildPhases = (
				9DE271C022433A1D0021268E /* Sources */,
				9DE271C122433A1D0021268E /* Frameworks */,
				9DE271C222433A1D0021268E /* Resources */,
			);
			buildRules = (
			);
			dependencies = (
			);
			name = playingCrads;
			productName = playingCrads;
			productReference = 9DE271C422433A1D0021268E /* playingCrads.app */;
			productType = "com.apple.product-type.application";
		};
/* End PBXNativeTarget section */

/* Begin PBXProject section */
		9DE271BC22433A1D0021268E /* Project object */ = {
			isa = PBXProject;
			attributes = {
				LastSwiftUpdateCheck = 1010;
				LastUpgradeCheck = 1010;
				ORGANIZATIONNAME = inna;
				TargetAttributes = {
					9DE271C322433A1D0021268E = {
						CreatedOnToolsVersion = 10.1;
					};
				};
			};
			buildConfigurationList = 9DE271BF22433A1D0021268E /* Build configuration list for PBXProject "playingCrads" */;
			compatibilityVersion = "Xcode 9.3";
			developmentRegion = en;
			hasScannedForEncodings = 0;
			knownRegions = (
				en,
				Base,
			);
			mainGroup = 9DE271BB22433A1D0021268E;
			productRefGroup = 9DE271C522433A1D0021268E /* Products */;
			projectDirPath = "";
			projectRoot = "";
			targets = (
				9DE271C322433A1D0021268E /* playingCrads */,
			);
		};
/* End PBXProject section */

/* Begin PBXResourcesBuildPhase section */
		9DE271C222433A1D0021268E /* Resources */ = {
			isa = PBXResourcesBuildPhase;
			buildActionMask = 2147483647;
			files = (
				9DE271D222433A210021268E /* LaunchScreen.storyboard in Resources */,
				9DE271CF22433A210021268E /* Assets.xcassets in Resources */,
				9DE271CD22433A1D0021268E /* Main.storyboard in Resources */,
			);
			runOnlyForDeploymentPostprocessing = 0;
		};
/* End PBXResourcesBuildPhase section */

/* Begin PBXSourcesBuildPhase section */
		9DE271C022433A1D0021268E /* Sources */ = {
			isa = PBXSourcesBuildPhase;
			buildActionMask = 2147483647;
			files = (
				9DE271DA22433A740021268E /* playingCardView.swift in Sources */,
				9DE271CA22433A1D0021268E /* ViewController.swift in Sources */,
				9DE431CB224BECAA00945583 /* PlayingCardDeck.swift in Sources */,
				9DE431C9224BE62D00945583 /* PlayingCard.swift in Sources */,
				9DE271C822433A1D0021268E /* AppDelegate.swift in Sources */,
			);
			runOnlyForDeploymentPostprocessing = 0;
		};
/* End PBXSourcesBuildPhase section */

/* Begin PBXVariantGroup section */
		9DE271CB22433A1D0021268E /* Main.storyboard */ = {
			isa = PBXVariantGroup;
			children = (
				9DE271CC22433A1D0021268E /* Base */,
			);
			name = Main.storyboard;
			sourceTree = "<group>";
		};
		9DE271D022433A210021268E /* LaunchScreen.storyboard */ = {
			isa = PBXVariantGroup;
			children = (
				9DE271D122433A210021268E /* Base */,
			);
			name = LaunchScreen.storyboard;
			sourceTree = "<group>";
		};
/* End PBXVariantGroup section */

/* Begin XCBuildConfiguration section */
		9DE271D422433A210021268E /* Debug */ = {
			isa = XCBuildConfiguration;
			buildSettings = {
				ALWAYS_SEARCH_USER_PATHS = NO;
				CLANG_ANALYZER_NONNULL = YES;
				CLANG_ANALYZER_NUMBER_OBJECT_CONVERSION = YES_AGGRESSIVE;
				CLANG_CXX_LANGUAGE_STANDARD = "gnu++14";
				CLANG_CXX_LIBRARY = "libc++";
				CLANG_ENABLE_MODULES = YES;
				CLANG_ENABLE_OBJC_ARC = YES;
				CLANG_ENABLE_OBJC_WEAK = YES;
				CLANG_WARN_BLOCK_CAPTURE_AUTORELEASING = YES;
				CLANG_WARN_BOOL_CONVERSION = YES;
				CLANG_WARN_COMMA = YES;
				CLANG_WARN_CONSTANT_CONVERSION = YES;
				CLANG_WARN_DEPRECATED_OBJC_IMPLEMENTATIONS = YES;
				CLANG_WARN_DIRECT_OBJC_ISA_USAGE = YES_ERROR;
				CLANG_WARN_DOCUMENTATION_COMMENTS = YES;
				CLANG_WARN_EMPTY_BODY = YES;
				CLANG_WARN_ENUM_CONVERSION = YES;
				CLANG_WARN_INFINITE_RECURSION = YES;
				CLANG_WARN_INT_CONVERSION = YES;
				CLANG_WARN_NON_LITERAL_NULL_CONVERSION = YES;
				CLANG_WARN_OBJC_IMPLICIT_RETAIN_SELF = YES;
				CLANG_WARN_OBJC_LITERAL_CONVERSION = YES;
				CLANG_WARN_OBJC_ROOT_CLASS = YES_ERROR;
				CLANG_WARN_RANGE_LOOP_ANALYSIS = YES;
				CLANG_WARN_STRICT_PROTOTYPES = YES;
				CLANG_WARN_SUSPICIOUS_MOVE = YES;
				CLANG_WARN_UNGUARDED_AVAILABILITY = YES_AGGRESSIVE;
				CLANG_WARN_UNREACHABLE_CODE = YES;
				CLANG_WARN__DUPLICATE_METHOD_MATCH = YES;
				CODE_SIGN_IDENTITY = "iPhone Developer";
				COPY_PHASE_STRIP = NO;
				DEBUG_INFORMATION_FORMAT = dwarf;
				ENABLE_STRICT_OBJC_MSGSEND = YES;
				ENABLE_TESTABILITY = YES;
				GCC_C_LANGUAGE_STANDARD = gnu11;
				GCC_DYNAMIC_NO_PIC = NO;
				GCC_NO_COMMON_BLOCKS = YES;
				GCC_OPTIMIZATION_LEVEL = 0;
				GCC_PREPROCESSOR_DEFINITIONS = (
					"DEBUG=1",
					"$(inherited)",
				);
				GCC_WARN_64_TO_32_BIT_CONVERSION = YES;
				GCC_WARN_ABOUT_RETURN_TYPE = YES_ERROR;
				GCC_WARN_UNDECLARED_SELECTOR = YES;
				GCC_WARN_UNINITIALIZED_AUTOS = YES_AGGRESSIVE;
				GCC_WARN_UNUSED_FUNCTION = YES;
				GCC_WARN_UNUSED_VARIABLE = YES;
				IPHONEOS_DEPLOYMENT_TARGET = 12.1;
				MTL_ENABLE_DEBUG_INFO = INCLUDE_SOURCE;
				MTL_FAST_MATH = YES;
				ONLY_ACTIVE_ARCH = YES;
				SDKROOT = iphoneos;
				SWIFT_ACTIVE_COMPILATION_CONDITIONS = DEBUG;
				SWIFT_OPTIMIZATION_LEVEL = "-Onone";
			};
			name = Debug;
		};
		9DE271D522433A210021268E /* Release */ = {
			isa = XCBuildConfiguration;
			buildSettings = {
				ALWAYS_SEARCH_USER_PATHS = NO;
				CLANG_ANALYZER_NONNULL = YES;
				CLANG_ANALYZER_NUMBER_OBJECT_CONVERSION = YES_AGGRESSIVE;
				CLANG_CXX_LANGUAGE_STANDARD = "gnu++14";
				CLANG_CXX_LIBRARY = "libc++";
				CLANG_ENABLE_MODULES = YES;
				CLANG_ENABLE_OBJC_ARC = YES;
				CLANG_ENABLE_OBJC_WEAK = YES;
				CLANG_WARN_BLOCK_CAPTURE_AUTORELEASING = YES;
				CLANG_WARN_BOOL_CONVERSION = YES;
				CLANG_WARN_COMMA = YES;
				CLANG_WARN_CONSTANT_CONVERSION = YES;
				CLANG_WARN_DEPRECATED_OBJC_IMPLEMENTATIONS = YES;
				CLANG_WARN_DIRECT_OBJC_ISA_USAGE = YES_ERROR;
				CLANG_WARN_DOCUMENTATION_COMMENTS = YES;
				CLANG_WARN_EMPTY_BODY = YES;
				CLANG_WARN_ENUM_CONVERSION = YES;
				CLANG_WARN_INFINITE_RECURSION = YES;
				CLANG_WARN_INT_CONVERSION = YES;
				CLANG_WARN_NON_LITERAL_NULL_CONVERSION = YES;
				CLANG_WARN_OBJC_IMPLICIT_RETAIN_SELF = YES;
				CLANG_WARN_OBJC_LITERAL_CONVERSION = YES;
				CLANG_WARN_OBJC_ROOT_CLASS = YES_ERROR;
				CLANG_WARN_RANGE_LOOP_ANALYSIS = YES;
				CLANG_WARN_STRICT_PROTOTYPES = YES;
				CLANG_WARN_SUSPICIOUS_MOVE = YES;
				CLANG_WARN_UNGUARDED_AVAILABILITY = YES_AGGRESSIVE;
				CLANG_WARN_UNREACHABLE_CODE = YES;
				CLANG_WARN__DUPLICATE_METHOD_MATCH = YES;
				CODE_SIGN_IDENTITY = "iPhone Developer";
				COPY_PHASE_STRIP = NO;
				DEBUG_INFORMATION_FORMAT = "dwarf-with-dsym";
				ENABLE_NS_ASSERTIONS = NO;
				ENABLE_STRICT_OBJC_MSGSEND = YES;
				GCC_C_LANGUAGE_STANDARD = gnu11;
				GCC_NO_COMMON_BLOCKS = YES;
				GCC_WARN_64_TO_32_BIT_CONVERSION = YES;
				GCC_WARN_ABOUT_RETURN_TYPE = YES_ERROR;
				GCC_WARN_UNDECLARED_SELECTOR = YES;
				GCC_WARN_UNINITIALIZED_AUTOS = YES_AGGRESSIVE;
				GCC_WARN_UNUSED_FUNCTION = YES;
				GCC_WARN_UNUSED_VARIABLE = YES;
				IPHONEOS_DEPLOYMENT_TARGET = 12.1;
				MTL_ENABLE_DEBUG_INFO = NO;
				MTL_FAST_MATH = YES;
				SDKROOT = iphoneos;
				SWIFT_COMPILATION_MODE = wholemodule;
				SWIFT_OPTIMIZATION_LEVEL = "-O";
				VALIDATE_PRODUCT = YES;
			};
			name = Release;
		};
		9DE271D722433A210021268E /* Debug */ = {
			isa = XCBuildConfiguration;
			buildSettings = {
				ASSETCATALOG_COMPILER_APPICON_NAME = AppIcon;
				CODE_SIGN_STYLE = Automatic;
				DEVELOPMENT_TEAM = 4WMKSZU6A8;
				INFOPLIST_FILE = playingCrads/Info.plist;
				IPHONEOS_DEPLOYMENT_TARGET = 12.0;
				LD_RUNPATH_SEARCH_PATHS = (
					"$(inherited)",
					"@executable_path/Frameworks",
				);
				PRODUCT_BUNDLE_IDENTIFIER = inna.playingCrads;
				PRODUCT_NAME = "$(TARGET_NAME)";
				SWIFT_VERSION = 4.2;
				TARGETED_DEVICE_FAMILY = "1,2";
			};
			name = Debug;
		};
		9DE271D822433A210021268E /* Release */ = {
			isa = XCBuildConfiguration;
			buildSettings = {
				ASSETCATALOG_COMPILER_APPICON_NAME = AppIcon;
				CODE_SIGN_STYLE = Automatic;
				DEVELOPMENT_TEAM = 4WMKSZU6A8;
				INFOPLIST_FILE = playingCrads/Info.plist;
				IPHONEOS_DEPLOYMENT_TARGET = 12.0;
				LD_RUNPATH_SEARCH_PATHS = (
					"$(inherited)",
					"@executable_path/Frameworks",
				);
				PRODUCT_BUNDLE_IDENTIFIER = inna.playingCrads;
				PRODUCT_NAME = "$(TARGET_NAME)";
				SWIFT_VERSION = 4.2;
				TARGETED_DEVICE_FAMILY = "1,2";
			};
			name = Release;
		};
/* End XCBuildConfiguration section */

/* Begin XCConfigurationList section */
		9DE271BF22433A1D0021268E /* Build configuration list for PBXProject "playingCrads" */ = {
			isa = XCConfigurationList;
			buildConfigurations = (
				9DE271D422433A210021268E /* Debug */,
				9DE271D522433A210021268E /* Release */,
			);
			defaultConfigurationIsVisible = 0;
			defaultConfigurationName = Release;
		};
		9DE271D622433A210021268E /* Build configuration list for PBXNativeTarget "playingCrads" */ = {
			isa = XCConfigurationList;
			buildConfigurations = (
				9DE271D722433A210021268E /* Debug */,
				9DE271D822433A210021268E /* Release */,
			);
			defaultConfigurationIsVisible = 0;
			defaultConfigurationName = Release;
		};
/* End XCConfigurationList section */
	};
	rootObject = 9DE271BC22433A1D0021268E /* Project object */;
}
